
Microsoft Visual Studio Solution File, Format Version 12.00
# Visual Studio 15
VisualStudioVersion = 15.0.26430.16
MinimumVisualStudioVersion = 10.0.40219.1
Project("{FAE04EC0-301F-11D3-BF4B-00C04F79EFBC}") = "01. Passed", "01. Passed\01. Passed.csproj", "{94AE661D-9A5B-4311-B873-AC50CFEA4E8A}"
EndProject
Project("{FAE04EC0-301F-11D3-BF4B-00C04F79EFBC}") = "02.PassedOrFailed", "02.PassedOrFailed\02.PassedOrFailed.csproj", "{8182883D-59A2-459A-87BC-C6EF48B19F9B}"
EndProject
Project("{FAE04EC0-301F-11D3-BF4B-00C04F79EFBC}") = "03.BackIn30Minutes", "03.BackIn30Minutes\03.BackIn30Minutes.csproj", "{034F337E-F3DA-4B5D-A159-FD6781E25F09}"
EndProject
Project("{FAE04EC0-301F-11D3-BF4B-00C04F79EFBC}") = "04.MonthPrinter", "04.MonthPrinter\04.MonthPrinter.csproj", "{E0E0CEF6-F855-4648-86D5-ECAA316DBE1D}"
EndProject
Project("{FAE04EC0-301F-11D3-BF4B-00C04F79EFBC}") = "05.ForeignLanguages", "05.ForeignLanguages\05.ForeignLanguages.csproj", "{C9D63015-C2F8-4381-A135-8472E5C3EBCA}"
EndProject
Project("{FAE04EC0-301F-11D3-BF4B-00C04F79EFBC}") = "06.TheatrePromotion", "06.TheatrePromotion\06.TheatrePromotion.csproj", "{F900023C-B1BB-43FC-8162-A66FB862ED23}"
EndProject
Project("{FAE04EC0-301F-11D3-BF4B-00C04F79EFBC}") = "07.DivisibleBy3", "07.DivisibleBy3\07.DivisibleBy3.csproj", "{11AF096D-758F-49B8-BD7F-80962C515C61}"
EndProject
Project("{FAE04EC0-301F-11D3-BF4B-00C04F79EFBC}") = "08.SumOfOddNumbers", "08.SumOfOddNumbers\08.SumOfOddNumbers.csproj", "{2C24CA49-FE6F-486F-9299-BFF911098DEE}"
EndProject
Project("{FAE04EC0-301F-11D3-BF4B-00C04F79EFBC}") = "09.MultiplicationTable", "09.MultiplicationTable\09.MultiplicationTable.csproj", "{E155FAAF-39F0-4751-95A0-A98D4036DFAF}"
EndProject
Project("{FAE04EC0-301F-11D3-BF4B-00C04F79EFBC}") = "11.OddNumber", "11.OddNumber\11.OddNumber.csproj", "{2BEEA3F7-1E08-4AD6-8532-5B844CC2FB14}"
EndProject
Project("{FAE04EC0-301F-11D3-BF4B-00C04F79EFBC}") = "12.NumberChecker", "12.NumberChecker\12.NumberChecker.csproj", "{645A40B9-F193-4499-986A-CC879A2C782A}"
EndProject
Global
	GlobalSection(SolutionConfigurationPlatforms) = preSolution
		Debug|Any CPU = Debug|Any CPU
		Release|Any CPU = Release|Any CPU
	EndGlobalSection
	GlobalSection(ProjectConfigurationPlatforms) = postSolution
		{94AE661D-9A5B-4311-B873-AC50CFEA4E8A}.Debug|Any CPU.ActiveCfg = Debug|Any CPU
		{94AE661D-9A5B-4311-B873-AC50CFEA4E8A}.Debug|Any CPU.Build.0 = Debug|Any CPU
		{94AE661D-9A5B-4311-B873-AC50CFEA4E8A}.Release|Any CPU.ActiveCfg = Release|Any CPU
		{94AE661D-9A5B-4311-B873-AC50CFEA4E8A}.Release|Any CPU.Build.0 = Release|Any CPU
		{8182883D-59A2-459A-87BC-C6EF48B19F9B}.Debug|Any CPU.ActiveCfg = Debug|Any CPU
		{8182883D-59A2-459A-87BC-C6EF48B19F9B}.Debug|Any CPU.Build.0 = Debug|Any CPU
		{8182883D-59A2-459A-87BC-C6EF48B19F9B}.Release|Any CPU.ActiveCfg = Release|Any CPU
		{8182883D-59A2-459A-87BC-C6EF48B19F9B}.Release|Any CPU.Build.0 = Release|Any CPU
		{034F337E-F3DA-4B5D-A159-FD6781E25F09}.Debug|Any CPU.ActiveCfg = Debug|Any CPU
		{034F337E-F3DA-4B5D-A159-FD6781E25F09}.Debug|Any CPU.Build.0 = Debug|Any CPU
		{034F337E-F3DA-4B5D-A159-FD6781E25F09}.Release|Any CPU.ActiveCfg = Release|Any CPU
		{034F337E-F3DA-4B5D-A159-FD6781E25F09}.Release|Any CPU.Build.0 = Release|Any CPU
		{E0E0CEF6-F855-4648-86D5-ECAA316DBE1D}.Debug|Any CPU.ActiveCfg = Debug|Any CPU
		{E0E0CEF6-F855-4648-86D5-ECAA316DBE1D}.Debug|Any CPU.Build.0 = Debug|Any CPU
		{E0E0CEF6-F855-4648-86D5-ECAA316DBE1D}.Release|Any CPU.ActiveCfg = Release|Any CPU
		{E0E0CEF6-F855-4648-86D5-ECAA316DBE1D}.Release|Any CPU.Build.0 = Release|Any CPU
		{C9D63015-C2F8-4381-A135-8472E5C3EBCA}.Debug|Any CPU.ActiveCfg = Debug|Any CPU
		{C9D63015-C2F8-4381-A135-8472E5C3EBCA}.Debug|Any CPU.Build.0 = Debug|Any CPU
		{C9D63015-C2F8-4381-A135-8472E5C3EBCA}.Release|Any CPU.ActiveCfg = Release|Any CPU
		{C9D63015-C2F8-4381-A135-8472E5C3EBCA}.Release|Any CPU.Build.0 = Release|Any CPU
		{F900023C-B1BB-43FC-8162-A66FB862ED23}.Debug|Any CPU.ActiveCfg = Debug|Any CPU
		{F900023C-B1BB-43FC-8162-A66FB862ED23}.Debug|Any CPU.Build.0 = Debug|Any CPU
		{F900023C-B1BB-43FC-8162-A66FB862ED23}.Release|Any CPU.ActiveCfg = Release|Any CPU
		{F900023C-B1BB-43FC-8162-A66FB862ED23}.Release|Any CPU.Build.0 = Release|Any CPU
		{11AF096D-758F-49B8-BD7F-80962C515C61}.Debug|Any CPU.ActiveCfg = Debug|Any CPU
		{11AF096D-758F-49B8-BD7F-80962C515C61}.Debug|Any CPU.Build.0 = Debug|Any CPU
		{11AF096D-758F-49B8-BD7F-80962C515C61}.Release|Any CPU.ActiveCfg = Release|Any CPU
		{11AF096D-758F-49B8-BD7F-80962C515C61}.Release|Any CPU.Build.0 = Release|Any CPU
		{2C24CA49-FE6F-486F-9299-BFF911098DEE}.Debug|Any CPU.ActiveCfg = Debug|Any CPU
		{2C24CA49-FE6F-486F-9299-BFF911098DEE}.Debug|Any CPU.Build.0 = Debug|Any CPU
		{2C24CA49-FE6F-486F-9299-BFF911098DEE}.Release|Any CPU.ActiveCfg = Release|Any CPU
		{2C24CA49-FE6F-486F-9299-BFF911098DEE}.Release|Any CPU.Build.0 = Release|Any CPU
		{E155FAAF-39F0-4751-95A0-A98D4036DFAF}.Debug|Any CPU.ActiveCfg = Debug|Any CPU
		{E155FAAF-39F0-4751-95A0-A98D4036DFAF}.Debug|Any CPU.Build.0 = Debug|Any CPU
		{E155FAAF-39F0-4751-95A0-A98D4036DFAF}.Release|Any CPU.ActiveCfg = Release|Any CPU
		{E155FAAF-39F0-4751-95A0-A98D4036DFAF}.Release|Any CPU.Build.0 = Release|Any CPU
		{2BEEA3F7-1E08-4AD6-8532-5B844CC2FB14}.Debug|Any CPU.ActiveCfg = Debug|Any CPU
		{2BEEA3F7-1E08-4AD6-8532-5B844CC2FB14}.Debug|Any CPU.Build.0 = Debug|Any CPU
		{2BEEA3F7-1E08-4AD6-8532-5B844CC2FB14}.Release|Any CPU.ActiveCfg = Release|Any CPU
		{2BEEA3F7-1E08-4AD6-8532-5B844CC2FB14}.Release|Any CPU.Build.0 = Release|Any CPU
		{645A40B9-F193-4499-986A-CC879A2C782A}.Debug|Any CPU.ActiveCfg = Debug|Any CPU
		{645A40B9-F193-4499-986A-CC879A2C782A}.Debug|Any CPU.Build.0 = Debug|Any CPU
		{645A40B9-F193-4499-986A-CC879A2C782A}.Release|Any CPU.ActiveCfg = Release|Any CPU
		{645A40B9-F193-4499-986A-CC879A2C782A}.Release|Any CPU.Build.0 = Release|Any CPU
	EndGlobalSection
	GlobalSection(SolutionProperties) = preSolution
		HideSolutionNode = FALSE
	EndGlobalSection
EndGlobal
